
Microsoft Visual Studio Solution File, Format Version 12.00
Project("{FAE04EC0-301F-11D3-BF4B-00C04F79EFBC}") = "SmartExpense", "SmartExpense\SmartExpense.csproj", "{EB5DBA6B-B267-4E49-BE41-3068F93AA4D4}"
EndProject
Project("{FAE04EC0-301F-11D3-BF4B-00C04F79EFBC}") = "SmartExpenseUiTest", "SmartExpenseUiTest\SmartExpenseUiTest.csproj", "{5BB4F566-8660-4FAB-B380-DCBA65BBAB9B}"
EndProject
Global
	GlobalSection(SolutionConfigurationPlatforms) = preSolution
		Debug|Any CPU = Debug|Any CPU
		Release|Any CPU = Release|Any CPU
	EndGlobalSection
	GlobalSection(ProjectConfigurationPlatforms) = postSolution
		{EB5DBA6B-B267-4E49-BE41-3068F93AA4D4}.Debug|Any CPU.ActiveCfg = Debug|Any CPU
		{EB5DBA6B-B267-4E49-BE41-3068F93AA4D4}.Debug|Any CPU.Build.0 = Debug|Any CPU
		{EB5DBA6B-B267-4E49-BE41-3068F93AA4D4}.Release|Any CPU.ActiveCfg = Release|Any CPU
		{EB5DBA6B-B267-4E49-BE41-3068F93AA4D4}.Release|Any CPU.Build.0 = Release|Any CPU
		{5BB4F566-8660-4FAB-B380-DCBA65BBAB9B}.Debug|Any CPU.ActiveCfg = Debug|Any CPU
		{5BB4F566-8660-4FAB-B380-DCBA65BBAB9B}.Debug|Any CPU.Build.0 = Debug|Any CPU
		{5BB4F566-8660-4FAB-B380-DCBA65BBAB9B}.Release|Any CPU.ActiveCfg = Release|Any CPU
		{5BB4F566-8660-4FAB-B380-DCBA65BBAB9B}.Release|Any CPU.Build.0 = Release|Any CPU
	EndGlobalSection
EndGlobal
